// !$*UTF8*$!
{
	archiveVersion = 1;
	classes = {
	};
	objectVersion = 46;
	objects = {

/* Begin PBXBuildFile section */
		5901B73D282818CA00290525 /* contour_hatching.svg in Resources */ = {isa = PBXBuildFile; fileRef = 5901B730282818CA00290525 /* contour_hatching.svg */; };
		5901B73E282818CA00290525 /* canonical.svg in Resources */ = {isa = PBXBuildFile; fileRef = 5901B731282818CA00290525 /* canonical.svg */; };
		5901B73F282818CA00290525 /* clipping.svg in Resources */ = {isa = PBXBuildFile; fileRef = 5901B732282818CA00290525 /* clipping.svg */; };
		5901B740282818CA00290525 /* hand.svg in Resources */ = {isa = PBXBuildFile; fileRef = 5901B733282818CA00290525 /* hand.svg */; };
		5901B741282818CA00290525 /* mask.svg in Resources */ = {isa = PBXBuildFile; fileRef = 5901B734282818CA00290525 /* mask.svg */; };
		5901B742282818CA00290525 /* transistor.svg in Resources */ = {isa = PBXBuildFile; fileRef = 5901B735282818CA00290525 /* transistor.svg */; };
		5901B743282818CA00290525 /* clipper_edge.svg in Resources */ = {isa = PBXBuildFile; fileRef = 5901B736282818CA00290525 /* clipper_edge.svg */; };
		5901B744282818CA00290525 /* RoundIcons_FreeSet-25.svg in Resources */ = {isa = PBXBuildFile; fileRef = 5901B737282818CA00290525 /* RoundIcons_FreeSet-25.svg */; };
		5901B745282818CA00290525 /* contour_colorbar.svg in Resources */ = {isa = PBXBuildFile; fileRef = 5901B738282818CA00290525 /* contour_colorbar.svg */; };
		5901B746282818CA00290525 /* shape.svg in Resources */ = {isa = PBXBuildFile; fileRef = 5901B739282818CA00290525 /* shape.svg */; };
		5901B747282818CA00290525 /* pcolormesh.svg in Resources */ = {isa = PBXBuildFile; fileRef = 5901B73A282818CA00290525 /* pcolormesh.svg */; };
		5901B748282818CA00290525 /* noscale.svg in Resources */ = {isa = PBXBuildFile; fileRef = 5901B73B282818CA00290525 /* noscale.svg */; };
		5901B749282818CA00290525 /* poison.svg in Resources */ = {isa = PBXBuildFile; fileRef = 5901B73C282818CA00290525 /* poison.svg */; };
		59069A2922D0ED85004DDEA5 /* compuserver_msn_Ford_Focus.svg in Resources */ = {isa = PBXBuildFile; fileRef = 59069A2822D0ED85004DDEA5 /* compuserver_msn_Ford_Focus.svg */; };
		59069A2B22D0EE0E004DDEA5 /* test (1).svg in Resources */ = {isa = PBXBuildFile; fileRef = 59069A2A22D0EE0E004DDEA5 /* test (1).svg */; };
		590C87EB201F9888004A1554 /* json.svg in Resources */ = {isa = PBXBuildFile; fileRef = 590C87EA201F9888004A1554 /* json.svg */; };
		590C87ED201FA08C004A1554 /* intertwingly.svg in Resources */ = {isa = PBXBuildFile; fileRef = 590C87EC201FA08C004A1554 /* intertwingly.svg */; };
		590C87EF201FA093004A1554 /* NewTux.svg in Resources */ = {isa = PBXBuildFile; fileRef = 590C87EE201FA092004A1554 /* NewTux.svg */; };
		590C87F1201FBF27004A1554 /* AJ_Digital_Camera.svg in Resources */ = {isa = PBXBuildFile; fileRef = 590C87F0201FBF27004A1554 /* AJ_Digital_Camera.svg */; };
		590C87F4201FC9E4004A1554 /* radialgradient2.svg in Resources */ = {isa = PBXBuildFile; fileRef = 590C87F3201FC9E3004A1554 /* radialgradient2.svg */; };
		590C87F6201FD0D4004A1554 /* car.svg in Resources */ = {isa = PBXBuildFile; fileRef = 590C87F5201FD0D4004A1554 /* car.svg */; };
		59265CE81C4F840400F333F0 /* css.svg in Resources */ = {isa = PBXBuildFile; fileRef = 59265CE71C4F840400F333F0 /* css.svg */; };
		59265CEB1C4F843E00F333F0 /* SVGExampleView6.m in Sources */ = {isa = PBXBuildFile; fileRef = 59265CEA1C4F843E00F333F0 /* SVGExampleView6.m */; };
		59316D31282901F5003C01AA /* errorbar_basic.svg in Resources */ = {isa = PBXBuildFile; fileRef = 59316D30282901F5003C01AA /* errorbar_basic.svg */; };
		59459CEC19B906FE00CE493B /* clipped.svg in Resources */ = {isa = PBXBuildFile; fileRef = 59459CEB19B906FE00CE493B /* clipped.svg */; };
		59459CEF19B9074F00CE493B /* SVGExampleView4.m in Sources */ = {isa = PBXBuildFile; fileRef = 59459CEE19B9074F00CE493B /* SVGExampleView4.m */; };
		5956657D19B62F4600D805FF /* main.m in Sources */ = {isa = PBXBuildFile; fileRef = 5956657C19B62F4600D805FF /* main.m */; };
		5956658019B62F4600D805FF /* AppDelegate.m in Sources */ = {isa = PBXBuildFile; fileRef = 5956657F19B62F4600D805FF /* AppDelegate.m */; };
		5956658219B62F4600D805FF /* Images.xcassets in Resources */ = {isa = PBXBuildFile; fileRef = 5956658119B62F4600D805FF /* Images.xcassets */; };
		5956658519B62F4600D805FF /* MainMenu.xib in Resources */ = {isa = PBXBuildFile; fileRef = 5956658319B62F4600D805FF /* MainMenu.xib */; };
		5956659119B62F4700D805FF /* IJSVGExampleTests.m in Sources */ = {isa = PBXBuildFile; fileRef = 5956659019B62F4700D805FF /* IJSVGExampleTests.m */; settings = {COMPILER_FLAGS = "-fno-objc-arc"; }; };
		595665DE19B6309C00D805FF /* test.svg in Resources */ = {isa = PBXBuildFile; fileRef = 595665DD19B6309C00D805FF /* test.svg */; };
		595665E119B630B600D805FF /* SVGView.m in Sources */ = {isa = PBXBuildFile; fileRef = 595665E019B630B600D805FF /* SVGView.m */; };
		597AC83322CFD0FC007C0E42 /* home.svg in Resources */ = {isa = PBXBuildFile; fileRef = 597AC83222CFD0FC007C0E42 /* home.svg */; };
		5986308719BA104800CF15EA /* linecap.svg in Resources */ = {isa = PBXBuildFile; fileRef = 5986308619BA104800CF15EA /* linecap.svg */; };
		5986308A19BA106D00CF15EA /* SVGExampleView5.m in Sources */ = {isa = PBXBuildFile; fileRef = 5986308919BA106D00CF15EA /* SVGExampleView5.m */; };
		5986308C19BA180E00CF15EA /* dashed.svg in Resources */ = {isa = PBXBuildFile; fileRef = 5986308B19BA180E00CF15EA /* dashed.svg */; };
		5991A2A9201E30E600913E3B /* gradients.svg in Resources */ = {isa = PBXBuildFile; fileRef = 5991A2A8201E30E600913E3B /* gradients.svg */; };
		5991A2AB201E310200913E3B /* heart.svg in Resources */ = {isa = PBXBuildFile; fileRef = 5991A2AA201E310200913E3B /* heart.svg */; };
		59A11E6C19B89CEA00E44498 /* SVGExampleView1.m in Sources */ = {isa = PBXBuildFile; fileRef = 59A11E6B19B89CEA00E44498 /* SVGExampleView1.m */; };
		59A11E6F19B89D2000E44498 /* SVGExampleView2.m in Sources */ = {isa = PBXBuildFile; fileRef = 59A11E6E19B89D2000E44498 /* SVGExampleView2.m */; };
		59A11E7219B89D6600E44498 /* SVGExampleView3.m in Sources */ = {isa = PBXBuildFile; fileRef = 59A11E7119B89D6600E44498 /* SVGExampleView3.m */; };
		59B93C6D19B7D1840063E823 /* paperplane.svg in Resources */ = {isa = PBXBuildFile; fileRef = 59B93C6C19B7D1840063E823 /* paperplane.svg */; };
		59B93C6F19B7D32C0063E823 /* products.svg in Resources */ = {isa = PBXBuildFile; fileRef = 59B93C6E19B7D32C0063E823 /* products.svg */; };
		59D1E3A0202279CA00C54672 /* Group.svg in Resources */ = {isa = PBXBuildFile; fileRef = 59D1E39F202279CA00C54672 /* Group.svg */; };
		59F799E219B880CE00096CB7 /* htc_one.svg in Resources */ = {isa = PBXBuildFile; fileRef = 59F799E119B880CE00096CB7 /* htc_one.svg */; };
		59FB54BE280B03E600D148FA /* IJSVG.framework in Frameworks */ = {isa = PBXBuildFile; fileRef = 59FB54B8280B038200D148FA /* IJSVG.framework */; };
		59FB54C0280B03F400D148FA /* IJSVG.framework in CopyFiles */ = {isa = PBXBuildFile; fileRef = 59FB54B8280B038200D148FA /* IJSVG.framework */; settings = {ATTRIBUTES = (CodeSignOnCopy, RemoveHeadersOnCopy, ); }; };
/* End PBXBuildFile section */

/* Begin PBXContainerItemProxy section */
		5956658B19B62F4700D805FF /* PBXContainerItemProxy */ = {
			isa = PBXContainerItemProxy;
			containerPortal = 5956656F19B62F4600D805FF /* Project object */;
			proxyType = 1;
			remoteGlobalIDString = 5956657619B62F4600D805FF;
			remoteInfo = IJSVGExample;
		};
		59FB54B7280B038200D148FA /* PBXContainerItemProxy */ = {
			isa = PBXContainerItemProxy;
			containerPortal = 59FB54B3280B038200D148FA /* IJSVG.xcodeproj */;
			proxyType = 2;
			remoteGlobalIDString = 594CF46F238FF38E009B251B;
			remoteInfo = IJSVG;
		};
		59FB54BB280B03E100D148FA /* PBXContainerItemProxy */ = {
			isa = PBXContainerItemProxy;
			containerPortal = 59FB54B3280B038200D148FA /* IJSVG.xcodeproj */;
			proxyType = 1;
			remoteGlobalIDString = 594CF46E238FF38E009B251B;
			remoteInfo = IJSVG;
		};
/* End PBXContainerItemProxy section */

/* Begin PBXCopyFilesBuildPhase section */
		59FB54BF280B03EE00D148FA /* CopyFiles */ = {
			isa = PBXCopyFilesBuildPhase;
			buildActionMask = 2147483647;
			dstPath = "";
			dstSubfolderSpec = 10;
			files = (
				59FB54C0280B03F400D148FA /* IJSVG.framework in CopyFiles */,
			);
			runOnlyForDeploymentPostprocessing = 0;
		};
/* End PBXCopyFilesBuildPhase section */

/* Begin PBXFileReference section */
		5901B730282818CA00290525 /* contour_hatching.svg */ = {isa = PBXFileReference; fileEncoding = 4; lastKnownFileType = text.xml; path = contour_hatching.svg; sourceTree = "<group>"; };
		5901B731282818CA00290525 /* canonical.svg */ = {isa = PBXFileReference; fileEncoding = 4; lastKnownFileType = text.xml; path = canonical.svg; sourceTree = "<group>"; };
		5901B732282818CA00290525 /* clipping.svg */ = {isa = PBXFileReference; fileEncoding = 4; lastKnownFileType = text.xml; path = clipping.svg; sourceTree = "<group>"; };
		5901B733282818CA00290525 /* hand.svg */ = {isa = PBXFileReference; fileEncoding = 4; lastKnownFileType = text.xml; path = hand.svg; sourceTree = "<group>"; };
		5901B734282818CA00290525 /* mask.svg */ = {isa = PBXFileReference; fileEncoding = 4; lastKnownFileType = text.xml; path = mask.svg; sourceTree = "<group>"; };
		5901B735282818CA00290525 /* transistor.svg */ = {isa = PBXFileReference; fileEncoding = 4; lastKnownFileType = text.xml; path = transistor.svg; sourceTree = "<group>"; };
		5901B736282818CA00290525 /* clipper_edge.svg */ = {isa = PBXFileReference; fileEncoding = 4; lastKnownFileType = text.xml; path = clipper_edge.svg; sourceTree = "<group>"; };
		5901B737282818CA00290525 /* RoundIcons_FreeSet-25.svg */ = {isa = PBXFileReference; fileEncoding = 4; lastKnownFileType = text.xml; path = "RoundIcons_FreeSet-25.svg"; sourceTree = "<group>"; };
		5901B738282818CA00290525 /* contour_colorbar.svg */ = {isa = PBXFileReference; fileEncoding = 4; lastKnownFileType = text.xml; path = contour_colorbar.svg; sourceTree = "<group>"; };
		5901B739282818CA00290525 /* shape.svg */ = {isa = PBXFileReference; fileEncoding = 4; lastKnownFileType = text.xml; path = shape.svg; sourceTree = "<group>"; };
		5901B73A282818CA00290525 /* pcolormesh.svg */ = {isa = PBXFileReference; fileEncoding = 4; lastKnownFileType = text.xml; path = pcolormesh.svg; sourceTree = "<group>"; };
		5901B73B282818CA00290525 /* noscale.svg */ = {isa = PBXFileReference; fileEncoding = 4; lastKnownFileType = text.xml; path = noscale.svg; sourceTree = "<group>"; };
		5901B73C282818CA00290525 /* poison.svg */ = {isa = PBXFileReference; fileEncoding = 4; lastKnownFileType = text.xml; path = poison.svg; sourceTree = "<group>"; };
		59069A2822D0ED85004DDEA5 /* compuserver_msn_Ford_Focus.svg */ = {isa = PBXFileReference; fileEncoding = 4; lastKnownFileType = text.xml; path = compuserver_msn_Ford_Focus.svg; sourceTree = "<group>"; };
		59069A2A22D0EE0E004DDEA5 /* test (1).svg */ = {isa = PBXFileReference; fileEncoding = 4; lastKnownFileType = text.xml; path = "test (1).svg"; sourceTree = "<group>"; };
		590C87EA201F9888004A1554 /* json.svg */ = {isa = PBXFileReference; fileEncoding = 4; lastKnownFileType = text; path = json.svg; sourceTree = "<group>"; };
		590C87EC201FA08C004A1554 /* intertwingly.svg */ = {isa = PBXFileReference; fileEncoding = 4; lastKnownFileType = text; path = intertwingly.svg; sourceTree = "<group>"; };
		590C87EE201FA092004A1554 /* NewTux.svg */ = {isa = PBXFileReference; fileEncoding = 4; lastKnownFileType = text.xml; path = NewTux.svg; sourceTree = "<group>"; };
		590C87F0201FBF27004A1554 /* AJ_Digital_Camera.svg */ = {isa = PBXFileReference; fileEncoding = 4; lastKnownFileType = text.xml; path = AJ_Digital_Camera.svg; sourceTree = "<group>"; };
		590C87F3201FC9E3004A1554 /* radialgradient2.svg */ = {isa = PBXFileReference; fileEncoding = 4; lastKnownFileType = text.xml; path = radialgradient2.svg; sourceTree = "<group>"; };
		590C87F5201FD0D4004A1554 /* car.svg */ = {isa = PBXFileReference; fileEncoding = 4; lastKnownFileType = text.xml; path = car.svg; sourceTree = "<group>"; };
		59265CE71C4F840400F333F0 /* css.svg */ = {isa = PBXFileReference; fileEncoding = 4; lastKnownFileType = text.xml; path = css.svg; sourceTree = "<group>"; };
		59265CE91C4F843E00F333F0 /* SVGExampleView6.h */ = {isa = PBXFileReference; fileEncoding = 4; lastKnownFileType = sourcecode.c.h; path = SVGExampleView6.h; sourceTree = "<group>"; };
		59265CEA1C4F843E00F333F0 /* SVGExampleView6.m */ = {isa = PBXFileReference; fileEncoding = 4; lastKnownFileType = sourcecode.c.objc; path = SVGExampleView6.m; sourceTree = "<group>"; };
		59316D30282901F5003C01AA /* errorbar_basic.svg */ = {isa = PBXFileReference; fileEncoding = 4; lastKnownFileType = text.xml; path = errorbar_basic.svg; sourceTree = "<group>"; };
		5934D504280C933300BEF20F /* IJSVGExample.entitlements */ = {isa = PBXFileReference; lastKnownFileType = text.plist.entitlements; path = IJSVGExample.entitlements; sourceTree = "<group>"; };
		59459CEB19B906FE00CE493B /* clipped.svg */ = {isa = PBXFileReference; fileEncoding = 4; lastKnownFileType = text; path = clipped.svg; sourceTree = "<group>"; };
		59459CED19B9074F00CE493B /* SVGExampleView4.h */ = {isa = PBXFileReference; fileEncoding = 4; lastKnownFileType = sourcecode.c.h; path = SVGExampleView4.h; sourceTree = "<group>"; };
		59459CEE19B9074F00CE493B /* SVGExampleView4.m */ = {isa = PBXFileReference; fileEncoding = 4; lastKnownFileType = sourcecode.c.objc; path = SVGExampleView4.m; sourceTree = "<group>"; };
		5956657719B62F4600D805FF /* IJSVGExample.app */ = {isa = PBXFileReference; explicitFileType = wrapper.application; includeInIndex = 0; path = IJSVGExample.app; sourceTree = BUILT_PRODUCTS_DIR; };
		5956657B19B62F4600D805FF /* Info.plist */ = {isa = PBXFileReference; lastKnownFileType = text.plist.xml; path = Info.plist; sourceTree = "<group>"; };
		5956657C19B62F4600D805FF /* main.m */ = {isa = PBXFileReference; lastKnownFileType = sourcecode.c.objc; path = main.m; sourceTree = "<group>"; };
		5956657E19B62F4600D805FF /* AppDelegate.h */ = {isa = PBXFileReference; lastKnownFileType = sourcecode.c.h; path = AppDelegate.h; sourceTree = "<group>"; };
		5956657F19B62F4600D805FF /* AppDelegate.m */ = {isa = PBXFileReference; lastKnownFileType = sourcecode.c.objc; path = AppDelegate.m; sourceTree = "<group>"; };
		5956658119B62F4600D805FF /* Images.xcassets */ = {isa = PBXFileReference; lastKnownFileType = folder.assetcatalog; path = Images.xcassets; sourceTree = "<group>"; };
		5956658419B62F4600D805FF /* Base */ = {isa = PBXFileReference; lastKnownFileType = file.xib; name = Base; path = Base.lproj/MainMenu.xib; sourceTree = "<group>"; };
		5956658A19B62F4700D805FF /* IJSVGExampleTests.xctest */ = {isa = PBXFileReference; explicitFileType = wrapper.cfbundle; includeInIndex = 0; path = IJSVGExampleTests.xctest; sourceTree = BUILT_PRODUCTS_DIR; };
		5956658F19B62F4700D805FF /* Info.plist */ = {isa = PBXFileReference; lastKnownFileType = text.plist.xml; path = Info.plist; sourceTree = "<group>"; };
		5956659019B62F4700D805FF /* IJSVGExampleTests.m */ = {isa = PBXFileReference; lastKnownFileType = sourcecode.c.objc; path = IJSVGExampleTests.m; sourceTree = "<group>"; };
		5956659A19B62F9500D805FF /* IJSVGExample-Prefix.pch */ = {isa = PBXFileReference; fileEncoding = 4; lastKnownFileType = sourcecode.c.h; path = "IJSVGExample-Prefix.pch"; sourceTree = "<group>"; };
		595665DD19B6309C00D805FF /* test.svg */ = {isa = PBXFileReference; fileEncoding = 4; lastKnownFileType = text.xml; path = test.svg; sourceTree = "<group>"; };
		595665DF19B630B600D805FF /* SVGView.h */ = {isa = PBXFileReference; fileEncoding = 4; lastKnownFileType = sourcecode.c.h; path = SVGView.h; sourceTree = "<group>"; };
		595665E019B630B600D805FF /* SVGView.m */ = {isa = PBXFileReference; fileEncoding = 4; lastKnownFileType = sourcecode.c.objc; path = SVGView.m; sourceTree = "<group>"; };
		597AC83222CFD0FC007C0E42 /* home.svg */ = {isa = PBXFileReference; fileEncoding = 4; lastKnownFileType = text.xml; path = home.svg; sourceTree = "<group>"; };
		5986308619BA104800CF15EA /* linecap.svg */ = {isa = PBXFileReference; fileEncoding = 4; lastKnownFileType = text; path = linecap.svg; sourceTree = "<group>"; };
		5986308819BA106D00CF15EA /* SVGExampleView5.h */ = {isa = PBXFileReference; fileEncoding = 4; lastKnownFileType = sourcecode.c.h; path = SVGExampleView5.h; sourceTree = "<group>"; };
		5986308919BA106D00CF15EA /* SVGExampleView5.m */ = {isa = PBXFileReference; fileEncoding = 4; lastKnownFileType = sourcecode.c.objc; path = SVGExampleView5.m; sourceTree = "<group>"; };
		5986308B19BA180E00CF15EA /* dashed.svg */ = {isa = PBXFileReference; fileEncoding = 4; lastKnownFileType = text; path = dashed.svg; sourceTree = "<group>"; };
		5991A2A8201E30E600913E3B /* gradients.svg */ = {isa = PBXFileReference; fileEncoding = 4; lastKnownFileType = text.xml; path = gradients.svg; sourceTree = "<group>"; };
		5991A2AA201E310200913E3B /* heart.svg */ = {isa = PBXFileReference; fileEncoding = 4; lastKnownFileType = text.xml; path = heart.svg; sourceTree = "<group>"; };
		59A11E6A19B89CEA00E44498 /* SVGExampleView1.h */ = {isa = PBXFileReference; fileEncoding = 4; lastKnownFileType = sourcecode.c.h; path = SVGExampleView1.h; sourceTree = "<group>"; };
		59A11E6B19B89CEA00E44498 /* SVGExampleView1.m */ = {isa = PBXFileReference; fileEncoding = 4; lastKnownFileType = sourcecode.c.objc; path = SVGExampleView1.m; sourceTree = "<group>"; };
		59A11E6D19B89D2000E44498 /* SVGExampleView2.h */ = {isa = PBXFileReference; fileEncoding = 4; lastKnownFileType = sourcecode.c.h; path = SVGExampleView2.h; sourceTree = "<group>"; };
		59A11E6E19B89D2000E44498 /* SVGExampleView2.m */ = {isa = PBXFileReference; fileEncoding = 4; lastKnownFileType = sourcecode.c.objc; path = SVGExampleView2.m; sourceTree = "<group>"; };
		59A11E7019B89D6600E44498 /* SVGExampleView3.h */ = {isa = PBXFileReference; fileEncoding = 4; lastKnownFileType = sourcecode.c.h; path = SVGExampleView3.h; sourceTree = "<group>"; };
		59A11E7119B89D6600E44498 /* SVGExampleView3.m */ = {isa = PBXFileReference; fileEncoding = 4; lastKnownFileType = sourcecode.c.objc; path = SVGExampleView3.m; sourceTree = "<group>"; };
		59B93C6C19B7D1840063E823 /* paperplane.svg */ = {isa = PBXFileReference; fileEncoding = 4; lastKnownFileType = text; path = paperplane.svg; sourceTree = "<group>"; };
		59B93C6E19B7D32C0063E823 /* products.svg */ = {isa = PBXFileReference; fileEncoding = 4; lastKnownFileType = text.xml; path = products.svg; sourceTree = "<group>"; };
		59D1E39F202279CA00C54672 /* Group.svg */ = {isa = PBXFileReference; fileEncoding = 4; lastKnownFileType = text.xml; path = Group.svg; sourceTree = "<group>"; };
		59F799E119B880CE00096CB7 /* htc_one.svg */ = {isa = PBXFileReference; fileEncoding = 4; lastKnownFileType = text.xml; path = htc_one.svg; sourceTree = "<group>"; };
		59FB54B3280B038200D148FA /* IJSVG.xcodeproj */ = {isa = PBXFileReference; lastKnownFileType = "wrapper.pb-project"; name = IJSVG.xcodeproj; path = ../Framework/IJSVG/IJSVG.xcodeproj; sourceTree = "<group>"; };
/* End PBXFileReference section */

/* Begin PBXFrameworksBuildPhase section */
		5956657419B62F4600D805FF /* Frameworks */ = {
			isa = PBXFrameworksBuildPhase;
			buildActionMask = 2147483647;
			files = (
				59FB54BE280B03E600D148FA /* IJSVG.framework in Frameworks */,
			);
			runOnlyForDeploymentPostprocessing = 0;
		};
		5956658719B62F4700D805FF /* Frameworks */ = {
			isa = PBXFrameworksBuildPhase;
			buildActionMask = 2147483647;
			files = (
			);
			runOnlyForDeploymentPostprocessing = 0;
		};
/* End PBXFrameworksBuildPhase section */

/* Begin PBXGroup section */
		5956656E19B62F4600D805FF = {
			isa = PBXGroup;
			children = (
				59FB54B3280B038200D148FA /* IJSVG.xcodeproj */,
				5956657919B62F4600D805FF /* IJSVGExample */,
				5956658D19B62F4700D805FF /* IJSVGExampleTests */,
				5956657819B62F4600D805FF /* Products */,
				59FB54BD280B03E600D148FA /* Frameworks */,
			);
			sourceTree = "<group>";
		};
		5956657819B62F4600D805FF /* Products */ = {
			isa = PBXGroup;
			children = (
				5956657719B62F4600D805FF /* IJSVGExample.app */,
				5956658A19B62F4700D805FF /* IJSVGExampleTests.xctest */,
			);
			name = Products;
			sourceTree = "<group>";
		};
		5956657919B62F4600D805FF /* IJSVGExample */ = {
			isa = PBXGroup;
			children = (
				5934D504280C933300BEF20F /* IJSVGExample.entitlements */,
				5956657E19B62F4600D805FF /* AppDelegate.h */,
				5956657F19B62F4600D805FF /* AppDelegate.m */,
				5956658119B62F4600D805FF /* Images.xcassets */,
				5956658319B62F4600D805FF /* MainMenu.xib */,
				5956657A19B62F4600D805FF /* Supporting Files */,
				595665DF19B630B600D805FF /* SVGView.h */,
				595665E019B630B600D805FF /* SVGView.m */,
				59A11E6A19B89CEA00E44498 /* SVGExampleView1.h */,
				59A11E6B19B89CEA00E44498 /* SVGExampleView1.m */,
				59A11E6D19B89D2000E44498 /* SVGExampleView2.h */,
				59A11E6E19B89D2000E44498 /* SVGExampleView2.m */,
				59A11E7019B89D6600E44498 /* SVGExampleView3.h */,
				59A11E7119B89D6600E44498 /* SVGExampleView3.m */,
				59459CED19B9074F00CE493B /* SVGExampleView4.h */,
				59459CEE19B9074F00CE493B /* SVGExampleView4.m */,
				5986308819BA106D00CF15EA /* SVGExampleView5.h */,
				5986308919BA106D00CF15EA /* SVGExampleView5.m */,
				59265CE91C4F843E00F333F0 /* SVGExampleView6.h */,
				59265CEA1C4F843E00F333F0 /* SVGExampleView6.m */,
			);
			path = IJSVGExample;
			sourceTree = "<group>";
		};
		5956657A19B62F4600D805FF /* Supporting Files */ = {
			isa = PBXGroup;
			children = (
				59316D30282901F5003C01AA /* errorbar_basic.svg */,
				5901B731282818CA00290525 /* canonical.svg */,
				5901B736282818CA00290525 /* clipper_edge.svg */,
				5901B732282818CA00290525 /* clipping.svg */,
				5901B738282818CA00290525 /* contour_colorbar.svg */,
				5901B730282818CA00290525 /* contour_hatching.svg */,
				5901B733282818CA00290525 /* hand.svg */,
				5901B734282818CA00290525 /* mask.svg */,
				5901B73B282818CA00290525 /* noscale.svg */,
				5901B73A282818CA00290525 /* pcolormesh.svg */,
				5901B73C282818CA00290525 /* poison.svg */,
				5901B737282818CA00290525 /* RoundIcons_FreeSet-25.svg */,
				5901B739282818CA00290525 /* shape.svg */,
				5901B735282818CA00290525 /* transistor.svg */,
				59069A2A22D0EE0E004DDEA5 /* test (1).svg */,
				59069A2822D0ED85004DDEA5 /* compuserver_msn_Ford_Focus.svg */,
				597AC83222CFD0FC007C0E42 /* home.svg */,
				59D1E39F202279CA00C54672 /* Group.svg */,
				590C87F5201FD0D4004A1554 /* car.svg */,
				590C87F3201FC9E3004A1554 /* radialgradient2.svg */,
				590C87F0201FBF27004A1554 /* AJ_Digital_Camera.svg */,
				590C87EC201FA08C004A1554 /* intertwingly.svg */,
				590C87EE201FA092004A1554 /* NewTux.svg */,
				590C87EA201F9888004A1554 /* json.svg */,
				5991A2AA201E310200913E3B /* heart.svg */,
				5991A2A8201E30E600913E3B /* gradients.svg */,
				59265CE71C4F840400F333F0 /* css.svg */,
				59459CEB19B906FE00CE493B /* clipped.svg */,
				59F799E119B880CE00096CB7 /* htc_one.svg */,
				59B93C6E19B7D32C0063E823 /* products.svg */,
				59B93C6C19B7D1840063E823 /* paperplane.svg */,
				595665DD19B6309C00D805FF /* test.svg */,
				5986308619BA104800CF15EA /* linecap.svg */,
				5986308B19BA180E00CF15EA /* dashed.svg */,
				5956657B19B62F4600D805FF /* Info.plist */,
				5956657C19B62F4600D805FF /* main.m */,
				5956659A19B62F9500D805FF /* IJSVGExample-Prefix.pch */,
			);
			name = "Supporting Files";
			sourceTree = "<group>";
		};
		5956658D19B62F4700D805FF /* IJSVGExampleTests */ = {
			isa = PBXGroup;
			children = (
				5956659019B62F4700D805FF /* IJSVGExampleTests.m */,
				5956658E19B62F4700D805FF /* Supporting Files */,
			);
			path = IJSVGExampleTests;
			sourceTree = "<group>";
		};
		5956658E19B62F4700D805FF /* Supporting Files */ = {
			isa = PBXGroup;
			children = (
				5956658F19B62F4700D805FF /* Info.plist */,
			);
			name = "Supporting Files";
			sourceTree = "<group>";
		};
		59FB54B4280B038200D148FA /* Products */ = {
			isa = PBXGroup;
			children = (
				59FB54B8280B038200D148FA /* IJSVG.framework */,
			);
			name = Products;
			sourceTree = "<group>";
		};
		59FB54BD280B03E600D148FA /* Frameworks */ = {
			isa = PBXGroup;
			children = (
			);
			name = Frameworks;
			sourceTree = "<group>";
		};
/* End PBXGroup section */

/* Begin PBXNativeTarget section */
		5956657619B62F4600D805FF /* IJSVGExample */ = {
			isa = PBXNativeTarget;
			buildConfigurationList = 5956659419B62F4700D805FF /* Build configuration list for PBXNativeTarget "IJSVGExample" */;
			buildPhases = (
				5956657319B62F4600D805FF /* Sources */,
				5956657419B62F4600D805FF /* Frameworks */,
				5956657519B62F4600D805FF /* Resources */,
				59FB54BF280B03EE00D148FA /* CopyFiles */,
			);
			buildRules = (
			);
			dependencies = (
				59FB54BC280B03E100D148FA /* PBXTargetDependency */,
			);
			name = IJSVGExample;
			productName = IJSVGExample;
			productReference = 5956657719B62F4600D805FF /* IJSVGExample.app */;
			productType = "com.apple.product-type.application";
		};
		5956658919B62F4700D805FF /* IJSVGExampleTests */ = {
			isa = PBXNativeTarget;
			buildConfigurationList = 5956659719B62F4700D805FF /* Build configuration list for PBXNativeTarget "IJSVGExampleTests" */;
			buildPhases = (
				5956658619B62F4700D805FF /* Sources */,
				5956658719B62F4700D805FF /* Frameworks */,
				5956658819B62F4700D805FF /* Resources */,
			);
			buildRules = (
			);
			dependencies = (
				5956658C19B62F4700D805FF /* PBXTargetDependency */,
			);
			name = IJSVGExampleTests;
			productName = IJSVGExampleTests;
			productReference = 5956658A19B62F4700D805FF /* IJSVGExampleTests.xctest */;
			productType = "com.apple.product-type.bundle.unit-test";
		};
/* End PBXNativeTarget section */

/* Begin PBXProject section */
		5956656F19B62F4600D805FF /* Project object */ = {
			isa = PBXProject;
			attributes = {
				LastUpgradeCheck = 0920;
				ORGANIZATIONNAME = "Curtis Hard";
				TargetAttributes = {
					5956657619B62F4600D805FF = {
						CreatedOnToolsVersion = 6.0;
					};
					5956658919B62F4700D805FF = {
						CreatedOnToolsVersion = 6.0;
						TestTargetID = 5956657619B62F4600D805FF;
					};
				};
			};
			buildConfigurationList = 5956657219B62F4600D805FF /* Build configuration list for PBXProject "IJSVGExample" */;
			compatibilityVersion = "Xcode 3.2";
			developmentRegion = English;
			hasScannedForEncodings = 0;
			knownRegions = (
				English,
				en,
				Base,
			);
			mainGroup = 5956656E19B62F4600D805FF;
			productRefGroup = 5956657819B62F4600D805FF /* Products */;
			projectDirPath = "";
			projectReferences = (
				{
					ProductGroup = 59FB54B4280B038200D148FA /* Products */;
					ProjectRef = 59FB54B3280B038200D148FA /* IJSVG.xcodeproj */;
				},
			);
			projectRoot = "";
			targets = (
				5956657619B62F4600D805FF /* IJSVGExample */,
				5956658919B62F4700D805FF /* IJSVGExampleTests */,
			);
		};
/* End PBXProject section */

/* Begin PBXReferenceProxy section */
		59FB54B8280B038200D148FA /* IJSVG.framework */ = {
			isa = PBXReferenceProxy;
			fileType = wrapper.framework;
			path = IJSVG.framework;
			remoteRef = 59FB54B7280B038200D148FA /* PBXContainerItemProxy */;
			sourceTree = BUILT_PRODUCTS_DIR;
		};
/* End PBXReferenceProxy section */

/* Begin PBXResourcesBuildPhase section */
		5956657519B62F4600D805FF /* Resources */ = {
			isa = PBXResourcesBuildPhase;
			buildActionMask = 2147483647;
			files = (
				59B93C6D19B7D1840063E823 /* paperplane.svg in Resources */,
				5901B741282818CA00290525 /* mask.svg in Resources */,
				5901B740282818CA00290525 /* hand.svg in Resources */,
				5956658219B62F4600D805FF /* Images.xcassets in Resources */,
				590C87ED201FA08C004A1554 /* intertwingly.svg in Resources */,
				5901B73E282818CA00290525 /* canonical.svg in Resources */,
				5901B747282818CA00290525 /* pcolormesh.svg in Resources */,
				590C87F1201FBF27004A1554 /* AJ_Digital_Camera.svg in Resources */,
				59316D31282901F5003C01AA /* errorbar_basic.svg in Resources */,
				59069A2B22D0EE0E004DDEA5 /* test (1).svg in Resources */,
				590C87EF201FA093004A1554 /* NewTux.svg in Resources */,
				59265CE81C4F840400F333F0 /* css.svg in Resources */,
				595665DE19B6309C00D805FF /* test.svg in Resources */,
				597AC83322CFD0FC007C0E42 /* home.svg in Resources */,
				590C87EB201F9888004A1554 /* json.svg in Resources */,
				59D1E3A0202279CA00C54672 /* Group.svg in Resources */,
				5901B745282818CA00290525 /* contour_colorbar.svg in Resources */,
				59F799E219B880CE00096CB7 /* htc_one.svg in Resources */,
				59B93C6F19B7D32C0063E823 /* products.svg in Resources */,
				5991A2A9201E30E600913E3B /* gradients.svg in Resources */,
				5901B742282818CA00290525 /* transistor.svg in Resources */,
				5901B744282818CA00290525 /* RoundIcons_FreeSet-25.svg in Resources */,
				59069A2922D0ED85004DDEA5 /* compuserver_msn_Ford_Focus.svg in Resources */,
				5986308719BA104800CF15EA /* linecap.svg in Resources */,
				5901B73F282818CA00290525 /* clipping.svg in Resources */,
				5956658519B62F4600D805FF /* MainMenu.xib in Resources */,
				5901B746282818CA00290525 /* shape.svg in Resources */,
				5901B749282818CA00290525 /* poison.svg in Resources */,
				590C87F4201FC9E4004A1554 /* radialgradient2.svg in Resources */,
				59459CEC19B906FE00CE493B /* clipped.svg in Resources */,
				590C87F6201FD0D4004A1554 /* car.svg in Resources */,
				5991A2AB201E310200913E3B /* heart.svg in Resources */,
				5986308C19BA180E00CF15EA /* dashed.svg in Resources */,
				5901B743282818CA00290525 /* clipper_edge.svg in Resources */,
				5901B748282818CA00290525 /* noscale.svg in Resources */,
				5901B73D282818CA00290525 /* contour_hatching.svg in Resources */,
			);
			runOnlyForDeploymentPostprocessing = 0;
		};
		5956658819B62F4700D805FF /* Resources */ = {
			isa = PBXResourcesBuildPhase;
			buildActionMask = 2147483647;
			files = (
			);
			runOnlyForDeploymentPostprocessing = 0;
		};
/* End PBXResourcesBuildPhase section */

/* Begin PBXSourcesBuildPhase section */
		5956657319B62F4600D805FF /* Sources */ = {
			isa = PBXSourcesBuildPhase;
			buildActionMask = 2147483647;
			files = (
				5986308A19BA106D00CF15EA /* SVGExampleView5.m in Sources */,
				59265CEB1C4F843E00F333F0 /* SVGExampleView6.m in Sources */,
				595665E119B630B600D805FF /* SVGView.m in Sources */,
				5956658019B62F4600D805FF /* AppDelegate.m in Sources */,
				59A11E6C19B89CEA00E44498 /* SVGExampleView1.m in Sources */,
				59A11E7219B89D6600E44498 /* SVGExampleView3.m in Sources */,
				5956657D19B62F4600D805FF /* main.m in Sources */,
				59A11E6F19B89D2000E44498 /* SVGExampleView2.m in Sources */,
				59459CEF19B9074F00CE493B /* SVGExampleView4.m in Sources */,
			);
			runOnlyForDeploymentPostprocessing = 0;
		};
		5956658619B62F4700D805FF /* Sources */ = {
			isa = PBXSourcesBuildPhase;
			buildActionMask = 2147483647;
			files = (
				5956659119B62F4700D805FF /* IJSVGExampleTests.m in Sources */,
			);
			runOnlyForDeploymentPostprocessing = 0;
		};
/* End PBXSourcesBuildPhase section */

/* Begin PBXTargetDependency section */
		5956658C19B62F4700D805FF /* PBXTargetDependency */ = {
			isa = PBXTargetDependency;
			target = 5956657619B62F4600D805FF /* IJSVGExample */;
			targetProxy = 5956658B19B62F4700D805FF /* PBXContainerItemProxy */;
		};
		59FB54BC280B03E100D148FA /* PBXTargetDependency */ = {
			isa = PBXTargetDependency;
			name = IJSVG;
			targetProxy = 59FB54BB280B03E100D148FA /* PBXContainerItemProxy */;
		};
/* End PBXTargetDependency section */

/* Begin PBXVariantGroup section */
		5956658319B62F4600D805FF /* MainMenu.xib */ = {
			isa = PBXVariantGroup;
			children = (
				5956658419B62F4600D805FF /* Base */,
			);
			name = MainMenu.xib;
			sourceTree = "<group>";
		};
/* End PBXVariantGroup section */

/* Begin XCBuildConfiguration section */
		5956659219B62F4700D805FF /* Debug */ = {
			isa = XCBuildConfiguration;
			buildSettings = {
				ALWAYS_SEARCH_USER_PATHS = NO;
				CLANG_CXX_LANGUAGE_STANDARD = "gnu++0x";
				CLANG_CXX_LIBRARY = "libc++";
				CLANG_ENABLE_MODULES = YES;
				CLANG_ENABLE_OBJC_ARC = YES;
				CLANG_WARN_BOOL_CONVERSION = YES;
				CLANG_WARN_CONSTANT_CONVERSION = YES;
				CLANG_WARN_DIRECT_OBJC_ISA_USAGE = YES_ERROR;
				CLANG_WARN_EMPTY_BODY = YES;
				CLANG_WARN_ENUM_CONVERSION = YES;
				CLANG_WARN_INT_CONVERSION = YES;
				CLANG_WARN_OBJC_ROOT_CLASS = YES_ERROR;
				CLANG_WARN_UNREACHABLE_CODE = YES;
				CLANG_WARN__DUPLICATE_METHOD_MATCH = YES;
				CODE_SIGN_IDENTITY = "-";
				COPY_PHASE_STRIP = NO;
				ENABLE_STRICT_OBJC_MSGSEND = YES;
				GCC_C_LANGUAGE_STANDARD = gnu99;
				GCC_DYNAMIC_NO_PIC = NO;
				GCC_OPTIMIZATION_LEVEL = 0;
				GCC_PREFIX_HEADER = "IJSVGExample/IJSVGExample-Prefix.pch";
				GCC_PREPROCESSOR_DEFINITIONS = (
					"DEBUG=1",
					"$(inherited)",
				);
				GCC_SYMBOLS_PRIVATE_EXTERN = NO;
				GCC_WARN_64_TO_32_BIT_CONVERSION = YES;
				GCC_WARN_ABOUT_RETURN_TYPE = YES_ERROR;
				GCC_WARN_UNDECLARED_SELECTOR = YES;
				GCC_WARN_UNINITIALIZED_AUTOS = YES_AGGRESSIVE;
				GCC_WARN_UNUSED_FUNCTION = YES;
				GCC_WARN_UNUSED_VARIABLE = YES;
				MACOSX_DEPLOYMENT_TARGET = 10.13;
				MTL_ENABLE_DEBUG_INFO = YES;
				ONLY_ACTIVE_ARCH = YES;
				SDKROOT = macosx;
			};
			name = Debug;
		};
		5956659319B62F4700D805FF /* Release */ = {
			isa = XCBuildConfiguration;
			buildSettings = {
				ALWAYS_SEARCH_USER_PATHS = NO;
				CLANG_CXX_LANGUAGE_STANDARD = "gnu++0x";
				CLANG_CXX_LIBRARY = "libc++";
				CLANG_ENABLE_MODULES = YES;
				CLANG_ENABLE_OBJC_ARC = YES;
				CLANG_WARN_BOOL_CONVERSION = YES;
				CLANG_WARN_CONSTANT_CONVERSION = YES;
				CLANG_WARN_DIRECT_OBJC_ISA_USAGE = YES_ERROR;
				CLANG_WARN_EMPTY_BODY = YES;
				CLANG_WARN_ENUM_CONVERSION = YES;
				CLANG_WARN_INT_CONVERSION = YES;
				CLANG_WARN_OBJC_ROOT_CLASS = YES_ERROR;
				CLANG_WARN_UNREACHABLE_CODE = YES;
				CLANG_WARN__DUPLICATE_METHOD_MATCH = YES;
				CODE_SIGN_IDENTITY = "-";
				COPY_PHASE_STRIP = YES;
				DEBUG_INFORMATION_FORMAT = "dwarf-with-dsym";
				ENABLE_NS_ASSERTIONS = NO;
				ENABLE_STRICT_OBJC_MSGSEND = YES;
				GCC_C_LANGUAGE_STANDARD = gnu99;
				GCC_PREFIX_HEADER = "IJSVGExample/IJSVGExample-Prefix.pch";
				GCC_WARN_64_TO_32_BIT_CONVERSION = YES;
				GCC_WARN_ABOUT_RETURN_TYPE = YES_ERROR;
				GCC_WARN_UNDECLARED_SELECTOR = YES;
				GCC_WARN_UNINITIALIZED_AUTOS = YES_AGGRESSIVE;
				GCC_WARN_UNUSED_FUNCTION = YES;
				GCC_WARN_UNUSED_VARIABLE = YES;
				MACOSX_DEPLOYMENT_TARGET = 10.13;
				MTL_ENABLE_DEBUG_INFO = NO;
				SDKROOT = macosx;
			};
			name = Release;
		};
		5956659519B62F4700D805FF /* Debug */ = {
			isa = XCBuildConfiguration;
			buildSettings = {
				ASSETCATALOG_COMPILER_APPICON_NAME = AppIcon;
				CLANG_ENABLE_OBJC_ARC = YES;
				CODE_SIGN_ENTITLEMENTS = IJSVGExample/IJSVGExample.entitlements;
				COMBINE_HIDPI_IMAGES = YES;
				INFOPLIST_FILE = IJSVGExample/Info.plist;
				LD_RUNPATH_SEARCH_PATHS = "$(inherited) @executable_path/../Frameworks";
				PRODUCT_NAME = "$(TARGET_NAME)";
			};
			name = Debug;
		};
		5956659619B62F4700D805FF /* Release */ = {
			isa = XCBuildConfiguration;
			buildSettings = {
				ASSETCATALOG_COMPILER_APPICON_NAME = AppIcon;
				CLANG_ENABLE_OBJC_ARC = YES;
				CODE_SIGN_ENTITLEMENTS = IJSVGExample/IJSVGExample.entitlements;
				COMBINE_HIDPI_IMAGES = YES;
				INFOPLIST_FILE = IJSVGExample/Info.plist;
				LD_RUNPATH_SEARCH_PATHS = "$(inherited) @executable_path/../Frameworks";
				PRODUCT_NAME = "$(TARGET_NAME)";
			};
			name = Release;
		};
		5956659819B62F4700D805FF /* Debug */ = {
			isa = XCBuildConfiguration;
			buildSettings = {
				BUNDLE_LOADER = "$(TEST_HOST)";
				CLANG_ENABLE_OBJC_ARC = YES;
				COMBINE_HIDPI_IMAGES = YES;
				FRAMEWORK_SEARCH_PATHS = (
					"$(DEVELOPER_FRAMEWORKS_DIR)",
					"$(inherited)",
				);
				GCC_PREPROCESSOR_DEFINITIONS = (
					"DEBUG=1",
					"$(inherited)",
				);
				INFOPLIST_FILE = IJSVGExampleTests/Info.plist;
				LD_RUNPATH_SEARCH_PATHS = "$(inherited) @executable_path/../Frameworks @loader_path/../Frameworks";
				PRODUCT_NAME = "$(TARGET_NAME)";
				TEST_HOST = "$(BUILT_PRODUCTS_DIR)/IJSVGExample.app/Contents/MacOS/IJSVGExample";
			};
			name = Debug;
		};
		5956659919B62F4700D805FF /* Release */ = {
			isa = XCBuildConfiguration;
			buildSettings = {
				BUNDLE_LOADER = "$(TEST_HOST)";
				CLANG_ENABLE_OBJC_ARC = YES;
				COMBINE_HIDPI_IMAGES = YES;
				FRAMEWORK_SEARCH_PATHS = (
					"$(DEVELOPER_FRAMEWORKS_DIR)",
					"$(inherited)",
				);
				INFOPLIST_FILE = IJSVGExampleTests/Info.plist;
				LD_RUNPATH_SEARCH_PATHS = "$(inherited) @executable_path/../Frameworks @loader_path/../Frameworks";
				PRODUCT_NAME = "$(TARGET_NAME)";
				TEST_HOST = "$(BUILT_PRODUCTS_DIR)/IJSVGExample.app/Contents/MacOS/IJSVGExample";
			};
			name = Release;
		};
/* End XCBuildConfiguration section */

/* Begin XCConfigurationList section */
		5956657219B62F4600D805FF /* Build configuration list for PBXProject "IJSVGExample" */ = {
			isa = XCConfigurationList;
			buildConfigurations = (
				5956659219B62F4700D805FF /* Debug */,
				5956659319B62F4700D805FF /* Release */,
			);
			defaultConfigurationIsVisible = 0;
			defaultConfigurationName = Release;
		};
		5956659419B62F4700D805FF /* Build configuration list for PBXNativeTarget "IJSVGExample" */ = {
			isa = XCConfigurationList;
			buildConfigurations = (
				5956659519B62F4700D805FF /* Debug */,
				5956659619B62F4700D805FF /* Release */,
			);
			defaultConfigurationIsVisible = 0;
			defaultConfigurationName = Release;
		};
		5956659719B62F4700D805FF /* Build configuration list for PBXNativeTarget "IJSVGExampleTests" */ = {
			isa = XCConfigurationList;
			buildConfigurations = (
				5956659819B62F4700D805FF /* Debug */,
				5956659919B62F4700D805FF /* Release */,
			);
			defaultConfigurationIsVisible = 0;
			defaultConfigurationName = Release;
		};
/* End XCConfigurationList section */
	};
	rootObject = 5956656F19B62F4600D805FF /* Project object */;
}
