// !$*UTF8*$!
{
	archiveVersion = 1;
	classes = {
	};
	objectVersion = 74;
	objects = {

/* Begin PBXBuildFile section */
		59FB54BE280B03E600D148FA /* IJSVG.framework in Frameworks */ = {isa = PBXBuildFile; fileRef = 59FB54B8280B038200D148FA /* IJSVG.framework */; };
		59FB54C0280B03F400D148FA /* IJSVG.framework in CopyFiles */ = {isa = PBXBuildFile; fileRef = 59FB54B8280B038200D148FA /* IJSVG.framework */; settings = {ATTRIBUTES = (CodeSignOnCopy, RemoveHeadersOnCopy, ); }; };
		7B61CE53307527CC00E3A804 /* IJSVG.framework in Frameworks */ = {isa = PBXBuildFile; fileRef = 59FB54B8280B038200D148FA /* IJSVG.framework */; };
/* End PBXBuildFile section */

/* Begin PBXContainerItemProxy section */
		5956658B19B62F4700D805FF /* PBXContainerItemProxy */ = {
			isa = PBXContainerItemProxy;
			containerPortal = 5956656F19B62F4600D805FF /* Project object */;
			proxyType = 1;
			remoteGlobalIDString = 5956657619B62F4600D805FF;
			remoteInfo = IJSVGExample;
		};
		59FB54B7280B038200D148FA /* PBXContainerItemProxy */ = {
			isa = PBXContainerItemProxy;
			containerPortal = 59FB54B3280B038200D148FA /* IJSVG.xcodeproj */;
			proxyType = 2;
			remoteGlobalIDString = 594CF46F238FF38E009B251B;
			remoteInfo = IJSVG;
		};
		59FB54BB280B03E100D148FA /* PBXContainerItemProxy */ = {
			isa = PBXContainerItemProxy;
			containerPortal = 59FB54B3280B038200D148FA /* IJSVG.xcodeproj */;
			proxyType = 1;
			remoteGlobalIDString = 594CF46E238FF38E009B251B;
			remoteInfo = IJSVG;
		};
		7B61CE54307527EB00E3A804 /* PBXContainerItemProxy */ = {
			isa = PBXContainerItemProxy;
			containerPortal = 59FB54B3280B038200D148FA /* IJSVG.xcodeproj */;
			proxyType = 1;
			remoteGlobalIDString = 594CF46E238FF38E009B251B;
			remoteInfo = IJSVG;
		};
/* End PBXContainerItemProxy section */

/* Begin PBXCopyFilesBuildPhase section */
		59FB54BF280B03EE00D148FA /* CopyFiles */ = {
			isa = PBXCopyFilesBuildPhase;
			buildActionMask = 2147483647;
			dstPath = "";
			dstSubfolderSpec = 10;
			files = (
				59FB54C0280B03F400D148FA /* IJSVG.framework in CopyFiles */,
			);
			runOnlyForDeploymentPostprocessing = 0;
		};
/* End PBXCopyFilesBuildPhase section */

/* Begin PBXFileReference section */
		5956657719B62F4600D805FF /* IJSVGExample.app */ = {isa = PBXFileReference; explicitFileType = wrapper.application; includeInIndex = 0; path = IJSVGExample.app; sourceTree = BUILT_PRODUCTS_DIR; };
		5956658A19B62F4700D805FF /* IJSVGExampleTests.xctest */ = {isa = PBXFileReference; explicitFileType = wrapper.cfbundle; includeInIndex = 0; path = IJSVGExampleTests.xctest; sourceTree = BUILT_PRODUCTS_DIR; };
		59FB54B3280B038200D148FA /* IJSVG.xcodeproj */ = {isa = PBXFileReference; lastKnownFileType = "wrapper.pb-project"; name = IJSVG.xcodeproj; path = ../Framework/IJSVG/IJSVG.xcodeproj; sourceTree = "<group>"; };
		7B61C8D930751A4800E3A804 /* IJSVGExample for iOS.app */ = {isa = PBXFileReference; explicitFileType = wrapper.application; includeInIndex = 0; path = "IJSVGExample for iOS.app"; sourceTree = BUILT_PRODUCTS_DIR; };
/* End PBXFileReference section */

/* Begin PBXFileSystemSynchronizedBuildFileExceptionSet section */
		7BDC15E43076F21E0059D295 /* PBXFileSystemSynchronizedBuildFileExceptionSet */ = {
			isa = PBXFileSystemSynchronizedBuildFileExceptionSet;
			membershipExceptions = (
				/Localized/LaunchScreen.storyboard,
				/Localized/Main.storyboard,
				AppDelegate.swift,
				Assets.xcassets,
				SceneDelegate.swift,
				SVGView.swift,
				ViewController.swift,
			);
			target = 7B61C8D830751A4800E3A804 /* IJSVGExample for iOS */;
		};
		7BDC16D03076F2E00059D295 /* PBXFileSystemSynchronizedBuildFileExceptionSet */ = {
			isa = PBXFileSystemSynchronizedBuildFileExceptionSet;
			membershipExceptions = (
				Info.plist,
			);
			target = 5956657619B62F4600D805FF /* IJSVGExample */;
		};
		7BDC18663076F32A0059D295 /* PBXFileSystemSynchronizedBuildFileExceptionSet */ = {
			isa = PBXFileSystemSynchronizedBuildFileExceptionSet;
			membershipExceptions = (
				Info.plist,
			);
			target = 5956658919B62F4700D805FF /* IJSVGExampleTests */;
		};
/* End PBXFileSystemSynchronizedBuildFileExceptionSet section */

/* Begin PBXFileSystemSynchronizedRootGroup section */
		7BDC15DA3076F1D60059D295 /* IJSVGExample for iOS */ = {isa = PBXFileSystemSynchronizedRootGroup; exceptions = (7BDC15E43076F21E0059D295 /* PBXFileSystemSynchronizedBuildFileExceptionSet */, ); explicitFileTypes = {}; explicitFolders = (); path = "IJSVGExample for iOS"; sourceTree = "<group>"; };
		7BDC16213076F2410059D295 /* Common Example Resources */ = {isa = PBXFileSystemSynchronizedRootGroup; explicitFileTypes = {}; explicitFolders = (); path = "Common Example Resources"; sourceTree = "<group>"; };
		7BDC16BB3076F2DF0059D295 /* IJSVGExample */ = {isa = PBXFileSystemSynchronizedRootGroup; exceptions = (7BDC16D03076F2E00059D295 /* PBXFileSystemSynchronizedBuildFileExceptionSet */, ); explicitFileTypes = {}; explicitFolders = (); path = IJSVGExample; sourceTree = "<group>"; };
		7BDC17F23076F3290059D295 /* IJSVGExampleTests */ = {isa = PBXFileSystemSynchronizedRootGroup; exceptions = (7BDC18663076F32A0059D295 /* PBXFileSystemSynchronizedBuildFileExceptionSet */, ); explicitFileTypes = {}; explicitFolders = (); path = IJSVGExampleTests; sourceTree = "<group>"; };
/* End PBXFileSystemSynchronizedRootGroup section */

/* Begin PBXFrameworksBuildPhase section */
		5956657419B62F4600D805FF /* Frameworks */ = {
			isa = PBXFrameworksBuildPhase;
			buildActionMask = 2147483647;
			files = (
				59FB54BE280B03E600D148FA /* IJSVG.framework in Frameworks */,
			);
			runOnlyForDeploymentPostprocessing = 0;
		};
		5956658719B62F4700D805FF /* Frameworks */ = {
			isa = PBXFrameworksBuildPhase;
			buildActionMask = 2147483647;
			files = (
			);
			runOnlyForDeploymentPostprocessing = 0;
		};
		7B61C8D630751A4800E3A804 /* Frameworks */ = {
			isa = PBXFrameworksBuildPhase;
			buildActionMask = 2147483647;
			files = (
				7B61CE53307527CC00E3A804 /* IJSVG.framework in Frameworks */,
			);
			runOnlyForDeploymentPostprocessing = 0;
		};
/* End PBXFrameworksBuildPhase section */

/* Begin PBXGroup section */
		5956656E19B62F4600D805FF = {
			isa = PBXGroup;
			children = (
				59FB54B3280B038200D148FA /* IJSVG.xcodeproj */,
				7BDC16BB3076F2DF0059D295 /* IJSVGExample */,
				7BDC17F23076F3290059D295 /* IJSVGExampleTests */,
				7BDC15DA3076F1D60059D295 /* IJSVGExample for iOS */,
				7BDC16213076F2410059D295 /* Common Example Resources */,
				5956657819B62F4600D805FF /* Products */,
				59FB54BD280B03E600D148FA /* Frameworks */,
			);
			indentWidth = 4;
			sourceTree = "<group>";
			tabWidth = 4;
			usesTabs = 0;
		};
		5956657819B62F4600D805FF /* Products */ = {
			isa = PBXGroup;
			children = (
				5956657719B62F4600D805FF /* IJSVGExample.app */,
				5956658A19B62F4700D805FF /* IJSVGExampleTests.xctest */,
				7B61C8D930751A4800E3A804 /* IJSVGExample for iOS.app */,
			);
			name = Products;
			sourceTree = "<group>";
		};
		59FB54B4280B038200D148FA /* Products */ = {
			isa = PBXGroup;
			children = (
				59FB54B8280B038200D148FA /* IJSVG.framework */,
			);
			name = Products;
			sourceTree = "<group>";
		};
		59FB54BD280B03E600D148FA /* Frameworks */ = {
			isa = PBXGroup;
			children = (
			);
			name = Frameworks;
			sourceTree = "<group>";
		};
/* End PBXGroup section */

/* Begin PBXNativeTarget section */
		5956657619B62F4600D805FF /* IJSVGExample */ = {
			isa = PBXNativeTarget;
			buildConfigurationList = 5956659419B62F4700D805FF /* Build configuration list for PBXNativeTarget "IJSVGExample" */;
			buildPhases = (
				5956657319B62F4600D805FF /* Sources */,
				5956657419B62F4600D805FF /* Frameworks */,
				5956657519B62F4600D805FF /* Resources */,
				59FB54BF280B03EE00D148FA /* CopyFiles */,
			);
			buildRules = (
			);
			dependencies = (
				59FB54BC280B03E100D148FA /* PBXTargetDependency */,
			);
			fileSystemSynchronizedGroups = (
				7BDC16213076F2410059D295 /* Common Example Resources */,
				7BDC16BB3076F2DF0059D295 /* IJSVGExample */,
			);
			name = IJSVGExample;
			productName = IJSVGExample;
			productReference = 5956657719B62F4600D805FF /* IJSVGExample.app */;
			productType = "com.apple.product-type.application";
		};
		5956658919B62F4700D805FF /* IJSVGExampleTests */ = {
			isa = PBXNativeTarget;
			buildConfigurationList = 5956659719B62F4700D805FF /* Build configuration list for PBXNativeTarget "IJSVGExampleTests" */;
			buildPhases = (
				5956658619B62F4700D805FF /* Sources */,
				5956658719B62F4700D805FF /* Frameworks */,
				5956658819B62F4700D805FF /* Resources */,
			);
			buildRules = (
			);
			dependencies = (
				5956658C19B62F4700D805FF /* PBXTargetDependency */,
			);
			fileSystemSynchronizedGroups = (
				7BDC17F23076F3290059D295 /* IJSVGExampleTests */,
			);
			name = IJSVGExampleTests;
			productName = IJSVGExampleTests;
			productReference = 5956658A19B62F4700D805FF /* IJSVGExampleTests.xctest */;
			productType = "com.apple.product-type.bundle.unit-test";
		};
		7B61C8D830751A4800E3A804 /* IJSVGExample for iOS */ = {
			isa = PBXNativeTarget;
			buildConfigurationList = 7B61C8EB30751A4900E3A804 /* Build configuration list for PBXNativeTarget "IJSVGExample for iOS" */;
			buildPhases = (
				7B61C8D530751A4800E3A804 /* Sources */,
				7B61C8D630751A4800E3A804 /* Frameworks */,
				7B61C8D730751A4800E3A804 /* Resources */,
			);
			buildRules = (
			);
			dependencies = (
				7B61CE55307527EB00E3A804 /* PBXTargetDependency */,
			);
			fileSystemSynchronizedGroups = (
				7BDC16213076F2410059D295 /* Common Example Resources */,
			);
			name = "IJSVGExample for iOS";
			packageProductDependencies = (
			);
			productName = "IJSVGExample for iOS";
			productReference = 7B61C8D930751A4800E3A804 /* IJSVGExample for iOS.app */;
			productType = "com.apple.product-type.application";
		};
/* End PBXNativeTarget section */

/* Begin PBXProject section */
		5956656F19B62F4600D805FF /* Project object */ = {
			isa = PBXProject;
			attributes = {
				BuildIndependentTargetsInParallel = YES;
				LastSwiftUpdateCheck = 2720;
				LastUpgradeCheck = 2720;
				ORGANIZATIONNAME = "Curtis Hard";
				TargetAttributes = {
					5956657619B62F4600D805FF = {
						CreatedOnToolsVersion = 6.0;
					};
					5956658919B62F4700D805FF = {
						CreatedOnToolsVersion = 6.0;
						TestTargetID = 5956657619B62F4600D805FF;
					};
					7B61C8D830751A4800E3A804 = {
						CreatedOnToolsVersion = 27.2;
					};
				};
			};
			buildConfigurationList = 5956657219B62F4600D805FF /* Build configuration list for PBXProject "IJSVGExample" */;
			developmentRegion = English;
			hasScannedForEncodings = 0;
			knownRegions = (
				English,
				en,
				Base,
			);
			mainGroup = 5956656E19B62F4600D805FF;
			preferredProjectObjectVersion = 46;
			productRefGroup = 5956657819B62F4600D805FF /* Products */;
			projectDirPath = "";
			projectReferences = (
				{
					ProductGroup = 59FB54B4280B038200D148FA /* Products */;
					ProjectRef = 59FB54B3280B038200D148FA /* IJSVG.xcodeproj */;
				},
			);
			projectRoot = "";
			targets = (
				5956657619B62F4600D805FF /* IJSVGExample */,
				5956658919B62F4700D805FF /* IJSVGExampleTests */,
				7B61C8D830751A4800E3A804 /* IJSVGExample for iOS */,
			);
		};
/* End PBXProject section */

/* Begin PBXReferenceProxy section */
		59FB54B8280B038200D148FA /* IJSVG.framework */ = {
			isa = PBXReferenceProxy;
			fileType = wrapper.framework;
			path = IJSVG.framework;
			remoteRef = 59FB54B7280B038200D148FA /* PBXContainerItemProxy */;
			sourceTree = BUILT_PRODUCTS_DIR;
		};
/* End PBXReferenceProxy section */

/* Begin PBXResourcesBuildPhase section */
		5956657519B62F4600D805FF /* Resources */ = {
			isa = PBXResourcesBuildPhase;
			buildActionMask = 2147483647;
			files = (
			);
			runOnlyForDeploymentPostprocessing = 0;
		};
		5956658819B62F4700D805FF /* Resources */ = {
			isa = PBXResourcesBuildPhase;
			buildActionMask = 2147483647;
			files = (
			);
			runOnlyForDeploymentPostprocessing = 0;
		};
		7B61C8D730751A4800E3A804 /* Resources */ = {
			isa = PBXResourcesBuildPhase;
			buildActionMask = 2147483647;
			files = (
			);
			runOnlyForDeploymentPostprocessing = 0;
		};
/* End PBXResourcesBuildPhase section */

/* Begin PBXSourcesBuildPhase section */
		5956657319B62F4600D805FF /* Sources */ = {
			isa = PBXSourcesBuildPhase;
			buildActionMask = 2147483647;
			files = (
			);
			runOnlyForDeploymentPostprocessing = 0;
		};
		5956658619B62F4700D805FF /* Sources */ = {
			isa = PBXSourcesBuildPhase;
			buildActionMask = 2147483647;
			files = (
			);
			runOnlyForDeploymentPostprocessing = 0;
		};
		7B61C8D530751A4800E3A804 /* Sources */ = {
			isa = PBXSourcesBuildPhase;
			buildActionMask = 2147483647;
			files = (
			);
			runOnlyForDeploymentPostprocessing = 0;
		};
/* End PBXSourcesBuildPhase section */

/* Begin PBXTargetDependency section */
		5956658C19B62F4700D805FF /* PBXTargetDependency */ = {
			isa = PBXTargetDependency;
			target = 5956657619B62F4600D805FF /* IJSVGExample */;
			targetProxy = 5956658B19B62F4700D805FF /* PBXContainerItemProxy */;
		};
		59FB54BC280B03E100D148FA /* PBXTargetDependency */ = {
			isa = PBXTargetDependency;
			name = IJSVG;
			targetProxy = 59FB54BB280B03E100D148FA /* PBXContainerItemProxy */;
		};
		7B61CE55307527EB00E3A804 /* PBXTargetDependency */ = {
			isa = PBXTargetDependency;
			name = IJSVG;
			targetProxy = 7B61CE54307527EB00E3A804 /* PBXContainerItemProxy */;
		};
/* End PBXTargetDependency section */

/* Begin XCBuildConfiguration section */
		5956659219B62F4700D805FF /* Debug */ = {
			isa = XCBuildConfiguration;
			buildSettings = {
				ALWAYS_SEARCH_USER_PATHS = NO;
				CLANG_CXX_LANGUAGE_STANDARD = "gnu++0x";
				CLANG_CXX_LIBRARY = "libc++";
				CLANG_ENABLE_MODULES = YES;
				CLANG_ENABLE_OBJC_ARC = YES;
				CLANG_WARN_BOOL_CONVERSION = YES;
				CLANG_WARN_CONSTANT_CONVERSION = YES;
				CLANG_WARN_DIRECT_OBJC_ISA_USAGE = YES_ERROR;
				CLANG_WARN_EMPTY_BODY = YES;
				CLANG_WARN_ENUM_CONVERSION = YES;
				CLANG_WARN_INT_CONVERSION = YES;
				CLANG_WARN_OBJC_ROOT_CLASS = YES_ERROR;
				CLANG_WARN_UNREACHABLE_CODE = YES;
				CLANG_WARN__DUPLICATE_METHOD_MATCH = YES;
				CODE_SIGN_IDENTITY = "-";
				COPY_PHASE_STRIP = NO;
				ENABLE_STRICT_OBJC_MSGSEND = YES;
				GCC_C_LANGUAGE_STANDARD = gnu99;
				GCC_DYNAMIC_NO_PIC = NO;
				GCC_OPTIMIZATION_LEVEL = 0;
				GCC_PREFIX_HEADER = "IJSVGExample/IJSVGExample-Prefix.pch";
				GCC_PREPROCESSOR_DEFINITIONS = (
					"DEBUG=1",
					"$(inherited)",
				);
				GCC_SYMBOLS_PRIVATE_EXTERN = NO;
				GCC_WARN_64_TO_32_BIT_CONVERSION = YES;
				GCC_WARN_ABOUT_RETURN_TYPE = YES_ERROR;
				GCC_WARN_UNDECLARED_SELECTOR = YES;
				GCC_WARN_UNINITIALIZED_AUTOS = YES_AGGRESSIVE;
				GCC_WARN_UNUSED_FUNCTION = YES;
				GCC_WARN_UNUSED_VARIABLE = YES;
				MACOSX_DEPLOYMENT_TARGET = 14.6;
				MTL_ENABLE_DEBUG_INFO = YES;
				ONLY_ACTIVE_ARCH = YES;
				PRODUCT_BUNDLE_IDENTIFIER = com.iconjar.IJSVGExample;
				SDKROOT = macosx;
				STRING_CATALOG_GENERATE_SYMBOLS = YES;
			};
			name = Debug;
		};
		5956659319B62F4700D805FF /* Release */ = {
			isa = XCBuildConfiguration;
			buildSettings = {
				ALWAYS_SEARCH_USER_PATHS = NO;
				CLANG_CXX_LANGUAGE_STANDARD = "gnu++0x";
				CLANG_CXX_LIBRARY = "libc++";
				CLANG_ENABLE_MODULES = YES;
				CLANG_ENABLE_OBJC_ARC = YES;
				CLANG_WARN_BOOL_CONVERSION = YES;
				CLANG_WARN_CONSTANT_CONVERSION = YES;
				CLANG_WARN_DIRECT_OBJC_ISA_USAGE = YES_ERROR;
				CLANG_WARN_EMPTY_BODY = YES;
				CLANG_WARN_ENUM_CONVERSION = YES;
				CLANG_WARN_INT_CONVERSION = YES;
				CLANG_WARN_OBJC_ROOT_CLASS = YES_ERROR;
				CLANG_WARN_UNREACHABLE_CODE = YES;
				CLANG_WARN__DUPLICATE_METHOD_MATCH = YES;
				CODE_SIGN_IDENTITY = "-";
				COPY_PHASE_STRIP = YES;
				DEBUG_INFORMATION_FORMAT = "dwarf-with-dsym";
				ENABLE_NS_ASSERTIONS = NO;
				ENABLE_STRICT_OBJC_MSGSEND = YES;
				GCC_C_LANGUAGE_STANDARD = gnu99;
				GCC_PREFIX_HEADER = "IJSVGExample/IJSVGExample-Prefix.pch";
				GCC_WARN_64_TO_32_BIT_CONVERSION = YES;
				GCC_WARN_ABOUT_RETURN_TYPE = YES_ERROR;
				GCC_WARN_UNDECLARED_SELECTOR = YES;
				GCC_WARN_UNINITIALIZED_AUTOS = YES_AGGRESSIVE;
				GCC_WARN_UNUSED_FUNCTION = YES;
				GCC_WARN_UNUSED_VARIABLE = YES;
				MACOSX_DEPLOYMENT_TARGET = 14.6;
				MTL_ENABLE_DEBUG_INFO = NO;
				PRODUCT_BUNDLE_IDENTIFIER = com.iconjar.IJSVGExample;
				SDKROOT = macosx;
				STRING_CATALOG_GENERATE_SYMBOLS = YES;
			};
			name = Release;
		};
		5956659519B62F4700D805FF /* Debug */ = {
			isa = XCBuildConfiguration;
			buildSettings = {
				ASSETCATALOG_COMPILER_APPICON_NAME = AppIcon;
				CODE_SIGN_ENTITLEMENTS = IJSVGExample/IJSVGExample.entitlements;
				COMBINE_HIDPI_IMAGES = YES;
				HEADER_SEARCH_PATHS = (
					"$(inherited)",
					"$(SRCROOT)/IJSVGExample",
				);
				INFOPLIST_FILE = IJSVGExample/Info.plist;
				LD_RUNPATH_SEARCH_PATHS = (
					"$(inherited)",
					"@executable_path/../Frameworks",
				);
				PRODUCT_NAME = "$(TARGET_NAME)";
			};
			name = Debug;
		};
		5956659619B62F4700D805FF /* Release */ = {
			isa = XCBuildConfiguration;
			buildSettings = {
				ASSETCATALOG_COMPILER_APPICON_NAME = AppIcon;
				CODE_SIGN_ENTITLEMENTS = IJSVGExample/IJSVGExample.entitlements;
				COMBINE_HIDPI_IMAGES = YES;
				HEADER_SEARCH_PATHS = (
					"$(inherited)",
					"$(SRCROOT)/IJSVGExample",
				);
				INFOPLIST_FILE = IJSVGExample/Info.plist;
				LD_RUNPATH_SEARCH_PATHS = (
					"$(inherited)",
					"@executable_path/../Frameworks",
				);
				PRODUCT_NAME = "$(TARGET_NAME)";
			};
			name = Release;
		};
		5956659819B62F4700D805FF /* Debug */ = {
			isa = XCBuildConfiguration;
			buildSettings = {
				BUNDLE_LOADER = "";
				CLANG_ENABLE_OBJC_ARC = YES;
				COMBINE_HIDPI_IMAGES = YES;
				FRAMEWORK_SEARCH_PATHS = (
					"$(DEVELOPER_FRAMEWORKS_DIR)",
					"$(inherited)",
				);
				GCC_PREPROCESSOR_DEFINITIONS = (
					"DEBUG=1",
					"$(inherited)",
				);
				HEADER_SEARCH_PATHS = (
					"$(inherited)",
					"$(SRCROOT)/IJSVGExampleTests",
					"$(SRCROOT)/../Framework/IJSVG/IJSVG/Source/Rendering",
					"$(SRCROOT)/../Framework/IJSVG/IJSVG/Source/Parsing",
				);
				INFOPLIST_FILE = IJSVGExampleTests/Info.plist;
				LD_RUNPATH_SEARCH_PATHS = (
					"$(inherited)",
					"@executable_path/../Frameworks",
					"@loader_path/../Frameworks",
				);
				PRODUCT_BUNDLE_IDENTIFIER = com.iconjar.IJSVGExampleTests;
				PRODUCT_NAME = "$(TARGET_NAME)";
				TEST_HOST = "";
			};
			name = Debug;
		};
		5956659919B62F4700D805FF /* Release */ = {
			isa = XCBuildConfiguration;
			buildSettings = {
				BUNDLE_LOADER = "";
				CLANG_ENABLE_OBJC_ARC = YES;
				COMBINE_HIDPI_IMAGES = YES;
				FRAMEWORK_SEARCH_PATHS = (
					"$(DEVELOPER_FRAMEWORKS_DIR)",
					"$(inherited)",
				);
				HEADER_SEARCH_PATHS = (
					"$(inherited)",
					"$(SRCROOT)/IJSVGExampleTests",
					"$(SRCROOT)/../Framework/IJSVG/IJSVG/Source/Rendering",
					"$(SRCROOT)/../Framework/IJSVG/IJSVG/Source/Parsing",
				);
				INFOPLIST_FILE = IJSVGExampleTests/Info.plist;
				LD_RUNPATH_SEARCH_PATHS = (
					"$(inherited)",
					"@executable_path/../Frameworks",
					"@loader_path/../Frameworks",
				);
				PRODUCT_BUNDLE_IDENTIFIER = com.iconjar.IJSVGExampleTests;
				PRODUCT_NAME = "$(TARGET_NAME)";
				TEST_HOST = "";
			};
			name = Release;
		};
		7B61C8EC30751A4900E3A804 /* Debug */ = {
			isa = XCBuildConfiguration;
			buildSettings = {
				ASSETCATALOG_COMPILER_APPICON_NAME = AppIcon;
				ASSETCATALOG_COMPILER_GENERATE_SWIFT_ASSET_SYMBOL_EXTENSIONS = YES;
				ASSETCATALOG_COMPILER_GLOBAL_ACCENT_COLOR_NAME = AccentColor;
				CLANG_ANALYZER_NONNULL = YES;
				CLANG_ANALYZER_NUMBER_OBJECT_CONVERSION = YES_AGGRESSIVE;
				CLANG_CXX_LANGUAGE_STANDARD = "gnu++20";
				CLANG_ENABLE_OBJC_WEAK = YES;
				CLANG_WARN_BLOCK_CAPTURE_AUTORELEASING = YES;
				CLANG_WARN_COMMA = YES;
				CLANG_WARN_DEPRECATED_OBJC_IMPLEMENTATIONS = YES;
				CLANG_WARN_DOCUMENTATION_COMMENTS = YES;
				CLANG_WARN_INFINITE_RECURSION = YES;
				CLANG_WARN_NON_LITERAL_NULL_CONVERSION = YES;
				CLANG_WARN_OBJC_IMPLICIT_RETAIN_SELF = YES;
				CLANG_WARN_OBJC_LITERAL_CONVERSION = YES;
				CLANG_WARN_QUOTED_INCLUDE_IN_FRAMEWORK_HEADER = YES;
				CLANG_WARN_RANGE_LOOP_ANALYSIS = YES;
				CLANG_WARN_STRICT_PROTOTYPES = YES;
				CLANG_WARN_SUSPICIOUS_MOVE = YES;
				CLANG_WARN_UNGUARDED_AVAILABILITY = YES_AGGRESSIVE;
				CODE_SIGN_IDENTITY = "Apple Development";
				CODE_SIGN_STYLE = Automatic;
				CURRENT_PROJECT_VERSION = 1;
				DEBUG_INFORMATION_FORMAT = dwarf;
				DEVELOPMENT_TEAM = 8JPL3HCRSC;
				ENABLE_TESTABILITY = YES;
				ENABLE_USER_SCRIPT_SANDBOXING = YES;
				GCC_C_LANGUAGE_STANDARD = gnu17;
				GCC_NO_COMMON_BLOCKS = YES;
				GENERATE_INFOPLIST_FILE = YES;
				INFOPLIST_FILE = "IJSVGExample for iOS/Info.plist";
				INFOPLIST_KEY_UIApplicationSupportsIndirectInputEvents = YES;
				INFOPLIST_KEY_UILaunchStoryboardName = LaunchScreen;
				INFOPLIST_KEY_UIMainStoryboardFile = Main;
				INFOPLIST_KEY_UISupportedInterfaceOrientations_iPad = "UIInterfaceOrientationPortrait UIInterfaceOrientationPortraitUpsideDown UIInterfaceOrientationLandscapeLeft UIInterfaceOrientationLandscapeRight";
				INFOPLIST_KEY_UISupportedInterfaceOrientations_iPhone = "UIInterfaceOrientationPortrait UIInterfaceOrientationLandscapeLeft UIInterfaceOrientationLandscapeRight";
				IPHONEOS_DEPLOYMENT_TARGET = 27.2;
				LD_RUNPATH_SEARCH_PATHS = (
					"$(inherited)",
					"@executable_path/Frameworks",
				);
				LOCALIZATION_PREFERS_STRING_CATALOGS = YES;
				MARKETING_VERSION = 1.0;
				MTL_ENABLE_DEBUG_INFO = INCLUDE_SOURCE;
				MTL_FAST_MATH = YES;
				PRODUCT_BUNDLE_IDENTIFIER = "video.mojo.IJSVGExample-for-iOS";
				PRODUCT_NAME = "$(TARGET_NAME)";
				SDKROOT = iphoneos;
				STRING_CATALOG_GENERATE_SYMBOLS = YES;
				SWIFT_ACTIVE_COMPILATION_CONDITIONS = "DEBUG $(inherited)";
				SWIFT_APPROACHABLE_CONCURRENCY = YES;
				SWIFT_DEFAULT_ACTOR_ISOLATION = MainActor;
				SWIFT_EMIT_LOC_STRINGS = YES;
				SWIFT_OPTIMIZATION_LEVEL = "-Onone";
				SWIFT_UPCOMING_FEATURE_MEMBER_IMPORT_VISIBILITY = YES;
				SWIFT_VERSION = 5.0;
				TARGETED_DEVICE_FAMILY = "1,2";
			};
			name = Debug;
		};
		7B61C8ED30751A4900E3A804 /* Release */ = {
			isa = XCBuildConfiguration;
			buildSettings = {
				ASSETCATALOG_COMPILER_APPICON_NAME = AppIcon;
				ASSETCATALOG_COMPILER_GENERATE_SWIFT_ASSET_SYMBOL_EXTENSIONS = YES;
				ASSETCATALOG_COMPILER_GLOBAL_ACCENT_COLOR_NAME = AccentColor;
				CLANG_ANALYZER_NONNULL = YES;
				CLANG_ANALYZER_NUMBER_OBJECT_CONVERSION = YES_AGGRESSIVE;
				CLANG_CXX_LANGUAGE_STANDARD = "gnu++20";
				CLANG_ENABLE_OBJC_WEAK = YES;
				CLANG_WARN_BLOCK_CAPTURE_AUTORELEASING = YES;
				CLANG_WARN_COMMA = YES;
				CLANG_WARN_DEPRECATED_OBJC_IMPLEMENTATIONS = YES;
				CLANG_WARN_DOCUMENTATION_COMMENTS = YES;
				CLANG_WARN_INFINITE_RECURSION = YES;
				CLANG_WARN_NON_LITERAL_NULL_CONVERSION = YES;
				CLANG_WARN_OBJC_IMPLICIT_RETAIN_SELF = YES;
				CLANG_WARN_OBJC_LITERAL_CONVERSION = YES;
				CLANG_WARN_QUOTED_INCLUDE_IN_FRAMEWORK_HEADER = YES;
				CLANG_WARN_RANGE_LOOP_ANALYSIS = YES;
				CLANG_WARN_STRICT_PROTOTYPES = YES;
				CLANG_WARN_SUSPICIOUS_MOVE = YES;
				CLANG_WARN_UNGUARDED_AVAILABILITY = YES_AGGRESSIVE;
				CODE_SIGN_IDENTITY = "Apple Development";
				CODE_SIGN_STYLE = Automatic;
				COPY_PHASE_STRIP = NO;
				CURRENT_PROJECT_VERSION = 1;
				DEVELOPMENT_TEAM = 8JPL3HCRSC;
				ENABLE_USER_SCRIPT_SANDBOXING = YES;
				GCC_C_LANGUAGE_STANDARD = gnu17;
				GCC_NO_COMMON_BLOCKS = YES;
				GENERATE_INFOPLIST_FILE = YES;
				INFOPLIST_FILE = "IJSVGExample for iOS/Info.plist";
				INFOPLIST_KEY_UIApplicationSupportsIndirectInputEvents = YES;
				INFOPLIST_KEY_UILaunchStoryboardName = LaunchScreen;
				INFOPLIST_KEY_UIMainStoryboardFile = Main;
				INFOPLIST_KEY_UISupportedInterfaceOrientations_iPad = "UIInterfaceOrientationPortrait UIInterfaceOrientationPortraitUpsideDown UIInterfaceOrientationLandscapeLeft UIInterfaceOrientationLandscapeRight";
				INFOPLIST_KEY_UISupportedInterfaceOrientations_iPhone = "UIInterfaceOrientationPortrait UIInterfaceOrientationLandscapeLeft UIInterfaceOrientationLandscapeRight";
				IPHONEOS_DEPLOYMENT_TARGET = 27.2;
				LD_RUNPATH_SEARCH_PATHS = (
					"$(inherited)",
					"@executable_path/Frameworks",
				);
				LOCALIZATION_PREFERS_STRING_CATALOGS = YES;
				MARKETING_VERSION = 1.0;
				MTL_FAST_MATH = YES;
				PRODUCT_BUNDLE_IDENTIFIER = "video.mojo.IJSVGExample-for-iOS";
				PRODUCT_NAME = "$(TARGET_NAME)";
				SDKROOT = iphoneos;
				STRING_CATALOG_GENERATE_SYMBOLS = YES;
				SWIFT_APPROACHABLE_CONCURRENCY = YES;
				SWIFT_COMPILATION_MODE = wholemodule;
				SWIFT_DEFAULT_ACTOR_ISOLATION = MainActor;
				SWIFT_EMIT_LOC_STRINGS = YES;
				SWIFT_UPCOMING_FEATURE_MEMBER_IMPORT_VISIBILITY = YES;
				SWIFT_VERSION = 5.0;
				TARGETED_DEVICE_FAMILY = "1,2";
				VALIDATE_PRODUCT = YES;
			};
			name = Release;
		};
/* End XCBuildConfiguration section */

/* Begin XCConfigurationList section */
		5956657219B62F4600D805FF /* Build configuration list for PBXProject "IJSVGExample" */ = {
			isa = XCConfigurationList;
			buildConfigurations = (
				5956659219B62F4700D805FF /* Debug */,
				5956659319B62F4700D805FF /* Release */,
			);
			defaultConfigurationIsVisible = 0;
			defaultConfigurationName = Release;
		};
		5956659419B62F4700D805FF /* Build configuration list for PBXNativeTarget "IJSVGExample" */ = {
			isa = XCConfigurationList;
			buildConfigurations = (
				5956659519B62F4700D805FF /* Debug */,
				5956659619B62F4700D805FF /* Release */,
			);
			defaultConfigurationIsVisible = 0;
			defaultConfigurationName = Release;
		};
		5956659719B62F4700D805FF /* Build configuration list for PBXNativeTarget "IJSVGExampleTests" */ = {
			isa = XCConfigurationList;
			buildConfigurations = (
				5956659819B62F4700D805FF /* Debug */,
				5956659919B62F4700D805FF /* Release */,
			);
			defaultConfigurationIsVisible = 0;
			defaultConfigurationName = Release;
		};
		7B61C8EB30751A4900E3A804 /* Build configuration list for PBXNativeTarget "IJSVGExample for iOS" */ = {
			isa = XCConfigurationList;
			buildConfigurations = (
				7B61C8EC30751A4900E3A804 /* Debug */,
				7B61C8ED30751A4900E3A804 /* Release */,
			);
			defaultConfigurationIsVisible = 0;
			defaultConfigurationName = Release;
		};
/* End XCConfigurationList section */
	};
	rootObject = 5956656F19B62F4600D805FF /* Project object */;
}
