{
  "originHash" : "1572e9c6cbea716332b88fd317ec834227bcb1c60c1977b41f29a2ecc9c28b6b",
  "pins" : [
    {
      "identity" : "touchxml",
      "kind" : "remoteSourceControl",
      "location" : "https://github.com/Archery-Inc/TouchXML.git",
      "state" : {
        "revision" : "d5ef287c76f8368094b3ad6663ce15463ac846a2",
        "version" : "0.3.0-alpha.3"
      }
    }
  ],
  "version" : 3
}
