{
  "originHash" : "0375db63d48c7c68ed3a76fd673a00d7392ef4732d2ef640c81dbfbb023ec937",
  "pins" : [
    {
      "identity" : "touchxml",
      "kind" : "remoteSourceControl",
      "location" : "https://github.com/Archery-Inc/TouchXML.git",
      "state" : {
        "revision" : "841ce7d4c062f1e7d29cb5f9f03fc3338f07bf4b",
        "version" : "0.3.0-alpha.4"
      }
    }
  ],
  "version" : 3
}
