{
  "originHash" : "ac095e65041803500641d8e1c3ade98811711a718f1a549e04e3a851626c9c4c",
  "pins" : [
    {
      "identity" : "touchxml",
      "kind" : "remoteSourceControl",
      "location" : "https://github.com/Archery-Inc/TouchXML.git",
      "state" : {
        "branch" : "mutability",
        "revision" : "56ed94757ff9fc37743f6de9e8a74891ea8189d9"
      }
    }
  ],
  "version" : 3
}
