{
  "originHash" : "ac095e65041803500641d8e1c3ade98811711a718f1a549e04e3a851626c9c4c",
  "pins" : [
    {
      "identity" : "touchxml",
      "kind" : "remoteSourceControl",
      "location" : "https://github.com/Archery-Inc/TouchXML.git",
      "state" : {
        "revision" : "d5ef287c76f8368094b3ad6663ce15463ac846a2",
        "version" : "0.3.0-alpha.3"
      }
    }
  ],
  "version" : 3
}
